
Microsoft Visual Studio Solution File, Format Version 12.00
# Visual Studio Version 17
VisualStudioVersion = 17.1.32407.343
MinimumVisualStudioVersion = 10.0.40219.1
Project("{9A19103F-16F7-4668-BE54-9A1E7A4F7556}") = "RayshiftTranslateFGO", "RayshiftTranslateFGO\RayshiftTranslateFGO.csproj", "{3706158D-02E9-44CE-8912-8E9628E84CE5}"
EndProject
Project("{FAE04EC0-301F-11D3-BF4B-00C04F79EFBC}") = "RayshiftTranslateFGO.Android", "RayshiftTranslateFGO.Android\RayshiftTranslateFGO.Android.csproj", "{DB7762F0-C029-4F79-8C50-FE5A5B968B0A}"
EndProject
Project("{FAE04EC0-301F-11D3-BF4B-00C04F79EFBC}") = "ShizukuX.API", "ShizukuX\ShizukuX.API\ShizukuX.API.csproj", "{6FF43CE6-B3B0-48A0-A09A-7388620A38AD}"
EndProject
Project("{FAE04EC0-301F-11D3-BF4B-00C04F79EFBC}") = "ShizukuX.Provider", "ShizukuX\ShizukuX.Provider\ShizukuX.Provider.csproj", "{1C7C793B-EEAD-470B-9E26-4BE6AABF6422}"
EndProject
Project("{FAE04EC0-301F-11D3-BF4B-00C04F79EFBC}") = "ShizukuX.AIDL", "ShizukuX\ShizukuX.AIDL\ShizukuX.AIDL.csproj", "{4467466A-C7E5-49ED-A126-E8BF76536FAE}"
EndProject
Project("{FAE04EC0-301F-11D3-BF4B-00C04F79EFBC}") = "RayshiftTranslateFGO.NextGenFS", "RayshiftTranslateFGO.NextGenFS\RayshiftTranslateFGO.NextGenFS.csproj", "{043C6F56-2D7A-4212-8AD6-1AFEBC855ED3}"
EndProject
Project("{FAE04EC0-301F-11D3-BF4B-00C04F79EFBC}") = "ShizukuX.Shared", "ShizukuX\ShizukuX.Shared\ShizukuX.Shared.csproj", "{82262BC8-37B8-4FB4-ADAB-41AB1E5361BD}"
EndProject
Global
	GlobalSection(SolutionConfigurationPlatforms) = preSolution
		Debug|Any CPU = Debug|Any CPU
		Debug|x64 = Debug|x64
		Debug|x86 = Debug|x86
		Release|Any CPU = Release|Any CPU
		Release|x64 = Release|x64
		Release|x86 = Release|x86
		Virtual|Any CPU = Virtual|Any CPU
		Virtual|x64 = Virtual|x64
		Virtual|x86 = Virtual|x86
	EndGlobalSection
	GlobalSection(ProjectConfigurationPlatforms) = postSolution
		{9659A944-939A-4963-9821-DE6E2345687D}.Debug|Any CPU.ActiveCfg = Debug|Any CPU
		{9659A944-939A-4963-9821-DE6E2345687D}.Debug|Any CPU.Build.0 = Debug|Any CPU
		{9659A944-939A-4963-9821-DE6E2345687D}.Debug|x64.ActiveCfg = Debug|Any CPU
		{9659A944-939A-4963-9821-DE6E2345687D}.Debug|x64.Build.0 = Debug|Any CPU
		{9659A944-939A-4963-9821-DE6E2345687D}.Debug|x86.ActiveCfg = Debug|Any CPU
		{9659A944-939A-4963-9821-DE6E2345687D}.Debug|x86.Build.0 = Debug|Any CPU
		{9659A944-939A-4963-9821-DE6E2345687D}.Release|Any CPU.ActiveCfg = Release|Any CPU
		{9659A944-939A-4963-9821-DE6E2345687D}.Release|Any CPU.Build.0 = Release|Any CPU
		{9659A944-939A-4963-9821-DE6E2345687D}.Release|x64.ActiveCfg = Release|Any CPU
		{9659A944-939A-4963-9821-DE6E2345687D}.Release|x64.Build.0 = Release|Any CPU
		{9659A944-939A-4963-9821-DE6E2345687D}.Release|x86.ActiveCfg = Release|Any CPU
		{9659A944-939A-4963-9821-DE6E2345687D}.Release|x86.Build.0 = Release|Any CPU
		{9659A944-939A-4963-9821-DE6E2345687D}.Virtual|Any CPU.ActiveCfg = Release|Any CPU
		{9659A944-939A-4963-9821-DE6E2345687D}.Virtual|Any CPU.Build.0 = Release|Any CPU
		{9659A944-939A-4963-9821-DE6E2345687D}.Virtual|x64.ActiveCfg = Release|Any CPU
		{9659A944-939A-4963-9821-DE6E2345687D}.Virtual|x64.Build.0 = Release|Any CPU
		{9659A944-939A-4963-9821-DE6E2345687D}.Virtual|x86.ActiveCfg = Release|Any CPU
		{9659A944-939A-4963-9821-DE6E2345687D}.Virtual|x86.Build.0 = Release|Any CPU
		{87C0A1D1-51CA-4218-997B-D7A2D2950334}.Debug|Any CPU.ActiveCfg = Debug|Any CPU
		{87C0A1D1-51CA-4218-997B-D7A2D2950334}.Debug|Any CPU.Build.0 = Debug|Any CPU
		{87C0A1D1-51CA-4218-997B-D7A2D2950334}.Debug|x64.ActiveCfg = Debug|Any CPU
		{87C0A1D1-51CA-4218-997B-D7A2D2950334}.Debug|x64.Build.0 = Debug|Any CPU
		{87C0A1D1-51CA-4218-997B-D7A2D2950334}.Debug|x86.ActiveCfg = Debug|Any CPU
		{87C0A1D1-51CA-4218-997B-D7A2D2950334}.Debug|x86.Build.0 = Debug|Any CPU
		{87C0A1D1-51CA-4218-997B-D7A2D2950334}.Release|Any CPU.ActiveCfg = Release|Any CPU
		{87C0A1D1-51CA-4218-997B-D7A2D2950334}.Release|Any CPU.Build.0 = Release|Any CPU
		{87C0A1D1-51CA-4218-997B-D7A2D2950334}.Release|x64.ActiveCfg = Release|Any CPU
		{87C0A1D1-51CA-4218-997B-D7A2D2950334}.Release|x64.Build.0 = Release|Any CPU
		{87C0A1D1-51CA-4218-997B-D7A2D2950334}.Release|x86.ActiveCfg = Release|Any CPU
		{87C0A1D1-51CA-4218-997B-D7A2D2950334}.Release|x86.Build.0 = Release|Any CPU
		{87C0A1D1-51CA-4218-997B-D7A2D2950334}.Virtual|Any CPU.ActiveCfg = Release|Any CPU
		{87C0A1D1-51CA-4218-997B-D7A2D2950334}.Virtual|Any CPU.Build.0 = Release|Any CPU
		{87C0A1D1-51CA-4218-997B-D7A2D2950334}.Virtual|x64.ActiveCfg = Release|Any CPU
		{87C0A1D1-51CA-4218-997B-D7A2D2950334}.Virtual|x64.Build.0 = Release|Any CPU
		{87C0A1D1-51CA-4218-997B-D7A2D2950334}.Virtual|x86.ActiveCfg = Release|Any CPU
		{87C0A1D1-51CA-4218-997B-D7A2D2950334}.Virtual|x86.Build.0 = Release|Any CPU
		{7DDE50C2-A8D1-421A-AE6D-3B593014A7A6}.Debug|Any CPU.ActiveCfg = Debug|Any CPU
		{7DDE50C2-A8D1-421A-AE6D-3B593014A7A6}.Debug|Any CPU.Build.0 = Debug|Any CPU
		{7DDE50C2-A8D1-421A-AE6D-3B593014A7A6}.Debug|x64.ActiveCfg = Debug|Any CPU
		{7DDE50C2-A8D1-421A-AE6D-3B593014A7A6}.Debug|x64.Build.0 = Debug|Any CPU
		{7DDE50C2-A8D1-421A-AE6D-3B593014A7A6}.Debug|x86.ActiveCfg = Debug|Any CPU
		{7DDE50C2-A8D1-421A-AE6D-3B593014A7A6}.Debug|x86.Build.0 = Debug|Any CPU
		{7DDE50C2-A8D1-421A-AE6D-3B593014A7A6}.Release|Any CPU.ActiveCfg = Release|Any CPU
		{7DDE50C2-A8D1-421A-AE6D-3B593014A7A6}.Release|Any CPU.Build.0 = Release|Any CPU
		{7DDE50C2-A8D1-421A-AE6D-3B593014A7A6}.Release|x64.ActiveCfg = Release|Any CPU
		{7DDE50C2-A8D1-421A-AE6D-3B593014A7A6}.Release|x64.Build.0 = Release|Any CPU
		{7DDE50C2-A8D1-421A-AE6D-3B593014A7A6}.Release|x86.ActiveCfg = Release|Any CPU
		{7DDE50C2-A8D1-421A-AE6D-3B593014A7A6}.Release|x86.Build.0 = Release|Any CPU
		{7DDE50C2-A8D1-421A-AE6D-3B593014A7A6}.Virtual|Any CPU.ActiveCfg = Release|Any CPU
		{7DDE50C2-A8D1-421A-AE6D-3B593014A7A6}.Virtual|Any CPU.Build.0 = Release|Any CPU
		{7DDE50C2-A8D1-421A-AE6D-3B593014A7A6}.Virtual|x64.ActiveCfg = Release|Any CPU
		{7DDE50C2-A8D1-421A-AE6D-3B593014A7A6}.Virtual|x64.Build.0 = Release|Any CPU
		{7DDE50C2-A8D1-421A-AE6D-3B593014A7A6}.Virtual|x86.ActiveCfg = Release|Any CPU
		{7DDE50C2-A8D1-421A-AE6D-3B593014A7A6}.Virtual|x86.Build.0 = Release|Any CPU
		{9581B3D2-D1AE-40F6-B4D4-CA8F227185A5}.Debug|Any CPU.ActiveCfg = Debug|Any CPU
		{9581B3D2-D1AE-40F6-B4D4-CA8F227185A5}.Debug|Any CPU.Build.0 = Debug|Any CPU
		{9581B3D2-D1AE-40F6-B4D4-CA8F227185A5}.Debug|x64.ActiveCfg = Debug|Any CPU
		{9581B3D2-D1AE-40F6-B4D4-CA8F227185A5}.Debug|x64.Build.0 = Debug|Any CPU
		{9581B3D2-D1AE-40F6-B4D4-CA8F227185A5}.Debug|x86.ActiveCfg = Debug|Any CPU
		{9581B3D2-D1AE-40F6-B4D4-CA8F227185A5}.Debug|x86.Build.0 = Debug|Any CPU
		{9581B3D2-D1AE-40F6-B4D4-CA8F227185A5}.Release|Any CPU.ActiveCfg = Release|Any CPU
		{9581B3D2-D1AE-40F6-B4D4-CA8F227185A5}.Release|Any CPU.Build.0 = Release|Any CPU
		{9581B3D2-D1AE-40F6-B4D4-CA8F227185A5}.Release|x64.ActiveCfg = Release|Any CPU
		{9581B3D2-D1AE-40F6-B4D4-CA8F227185A5}.Release|x64.Build.0 = Release|Any CPU
		{9581B3D2-D1AE-40F6-B4D4-CA8F227185A5}.Release|x86.ActiveCfg = Release|Any CPU
		{9581B3D2-D1AE-40F6-B4D4-CA8F227185A5}.Release|x86.Build.0 = Release|Any CPU
		{9581B3D2-D1AE-40F6-B4D4-CA8F227185A5}.Virtual|Any CPU.ActiveCfg = Virtual|Any CPU
		{9581B3D2-D1AE-40F6-B4D4-CA8F227185A5}.Virtual|Any CPU.Build.0 = Virtual|Any CPU
		{9581B3D2-D1AE-40F6-B4D4-CA8F227185A5}.Virtual|x64.ActiveCfg = Virtual|Any CPU
		{9581B3D2-D1AE-40F6-B4D4-CA8F227185A5}.Virtual|x64.Build.0 = Virtual|Any CPU
		{9581B3D2-D1AE-40F6-B4D4-CA8F227185A5}.Virtual|x86.ActiveCfg = Virtual|Any CPU
		{9581B3D2-D1AE-40F6-B4D4-CA8F227185A5}.Virtual|x86.Build.0 = Virtual|Any CPU
		{4476A72C-787E-4643-9E7E-EAE91E2BF35B}.Debug|Any CPU.ActiveCfg = Debug|Any CPU
		{4476A72C-787E-4643-9E7E-EAE91E2BF35B}.Debug|Any CPU.Build.0 = Debug|Any CPU
		{4476A72C-787E-4643-9E7E-EAE91E2BF35B}.Debug|x64.ActiveCfg = Debug|Any CPU
		{4476A72C-787E-4643-9E7E-EAE91E2BF35B}.Debug|x64.Build.0 = Debug|Any CPU
		{4476A72C-787E-4643-9E7E-EAE91E2BF35B}.Debug|x86.ActiveCfg = Debug|Any CPU
		{4476A72C-787E-4643-9E7E-EAE91E2BF35B}.Debug|x86.Build.0 = Debug|Any CPU
		{4476A72C-787E-4643-9E7E-EAE91E2BF35B}.Release|Any CPU.ActiveCfg = Release|Any CPU
		{4476A72C-787E-4643-9E7E-EAE91E2BF35B}.Release|Any CPU.Build.0 = Release|Any CPU
		{4476A72C-787E-4643-9E7E-EAE91E2BF35B}.Release|x64.ActiveCfg = Release|Any CPU
		{4476A72C-787E-4643-9E7E-EAE91E2BF35B}.Release|x64.Build.0 = Release|Any CPU
		{4476A72C-787E-4643-9E7E-EAE91E2BF35B}.Release|x86.ActiveCfg = Release|Any CPU
		{4476A72C-787E-4643-9E7E-EAE91E2BF35B}.Release|x86.Build.0 = Release|Any CPU
		{4476A72C-787E-4643-9E7E-EAE91E2BF35B}.Virtual|Any CPU.ActiveCfg = Debug|Any CPU
		{4476A72C-787E-4643-9E7E-EAE91E2BF35B}.Virtual|Any CPU.Build.0 = Debug|Any CPU
		{4476A72C-787E-4643-9E7E-EAE91E2BF35B}.Virtual|x64.ActiveCfg = Debug|Any CPU
		{4476A72C-787E-4643-9E7E-EAE91E2BF35B}.Virtual|x64.Build.0 = Debug|Any CPU
		{4476A72C-787E-4643-9E7E-EAE91E2BF35B}.Virtual|x86.ActiveCfg = Release|Any CPU
		{4476A72C-787E-4643-9E7E-EAE91E2BF35B}.Virtual|x86.Build.0 = Release|Any CPU
		{6668B777-9E09-47FF-B5AC-9A709801666B}.Debug|Any CPU.ActiveCfg = Debug|Any CPU
		{6668B777-9E09-47FF-B5AC-9A709801666B}.Debug|Any CPU.Build.0 = Debug|Any CPU
		{6668B777-9E09-47FF-B5AC-9A709801666B}.Debug|x64.ActiveCfg = Debug|Any CPU
		{6668B777-9E09-47FF-B5AC-9A709801666B}.Debug|x64.Build.0 = Debug|Any CPU
		{6668B777-9E09-47FF-B5AC-9A709801666B}.Debug|x86.ActiveCfg = Debug|Any CPU
		{6668B777-9E09-47FF-B5AC-9A709801666B}.Debug|x86.Build.0 = Debug|Any CPU
		{6668B777-9E09-47FF-B5AC-9A709801666B}.Release|Any CPU.ActiveCfg = Release|Any CPU
		{6668B777-9E09-47FF-B5AC-9A709801666B}.Release|Any CPU.Build.0 = Release|Any CPU
		{6668B777-9E09-47FF-B5AC-9A709801666B}.Release|x64.ActiveCfg = Release|Any CPU
		{6668B777-9E09-47FF-B5AC-9A709801666B}.Release|x64.Build.0 = Release|Any CPU
		{6668B777-9E09-47FF-B5AC-9A709801666B}.Release|x86.ActiveCfg = Release|Any CPU
		{6668B777-9E09-47FF-B5AC-9A709801666B}.Release|x86.Build.0 = Release|Any CPU
		{6668B777-9E09-47FF-B5AC-9A709801666B}.Virtual|Any CPU.ActiveCfg = Debug|Any CPU
		{6668B777-9E09-47FF-B5AC-9A709801666B}.Virtual|Any CPU.Build.0 = Debug|Any CPU
		{6668B777-9E09-47FF-B5AC-9A709801666B}.Virtual|x64.ActiveCfg = Debug|Any CPU
		{6668B777-9E09-47FF-B5AC-9A709801666B}.Virtual|x64.Build.0 = Debug|Any CPU
		{6668B777-9E09-47FF-B5AC-9A709801666B}.Virtual|x86.ActiveCfg = Release|Any CPU
		{6668B777-9E09-47FF-B5AC-9A709801666B}.Virtual|x86.Build.0 = Release|Any CPU
		{A16BB835-7CAE-43AE-A262-4CA0BD599F97}.Debug|Any CPU.ActiveCfg = Debug|Any CPU
		{A16BB835-7CAE-43AE-A262-4CA0BD599F97}.Debug|Any CPU.Build.0 = Debug|Any CPU
		{A16BB835-7CAE-43AE-A262-4CA0BD599F97}.Debug|x64.ActiveCfg = Debug|Any CPU
		{A16BB835-7CAE-43AE-A262-4CA0BD599F97}.Debug|x64.Build.0 = Debug|Any CPU
		{A16BB835-7CAE-43AE-A262-4CA0BD599F97}.Debug|x86.ActiveCfg = Debug|Any CPU
		{A16BB835-7CAE-43AE-A262-4CA0BD599F97}.Debug|x86.Build.0 = Debug|Any CPU
		{A16BB835-7CAE-43AE-A262-4CA0BD599F97}.Release|Any CPU.ActiveCfg = Release|Any CPU
		{A16BB835-7CAE-43AE-A262-4CA0BD599F97}.Release|Any CPU.Build.0 = Release|Any CPU
		{A16BB835-7CAE-43AE-A262-4CA0BD599F97}.Release|x64.ActiveCfg = Release|Any CPU
		{A16BB835-7CAE-43AE-A262-4CA0BD599F97}.Release|x64.Build.0 = Release|Any CPU
		{A16BB835-7CAE-43AE-A262-4CA0BD599F97}.Release|x86.ActiveCfg = Release|Any CPU
		{A16BB835-7CAE-43AE-A262-4CA0BD599F97}.Release|x86.Build.0 = Release|Any CPU
		{A16BB835-7CAE-43AE-A262-4CA0BD599F97}.Virtual|Any CPU.ActiveCfg = Debug|Any CPU
		{A16BB835-7CAE-43AE-A262-4CA0BD599F97}.Virtual|Any CPU.Build.0 = Debug|Any CPU
		{A16BB835-7CAE-43AE-A262-4CA0BD599F97}.Virtual|x64.ActiveCfg = Debug|Any CPU
		{A16BB835-7CAE-43AE-A262-4CA0BD599F97}.Virtual|x64.Build.0 = Debug|Any CPU
		{A16BB835-7CAE-43AE-A262-4CA0BD599F97}.Virtual|x86.ActiveCfg = Release|Any CPU
		{A16BB835-7CAE-43AE-A262-4CA0BD599F97}.Virtual|x86.Build.0 = Release|Any CPU
		{5CC733E1-A08D-408D-BA03-70AFACA84D3D}.Debug|Any CPU.ActiveCfg = Debug|Any CPU
		{5CC733E1-A08D-408D-BA03-70AFACA84D3D}.Debug|Any CPU.Build.0 = Debug|Any CPU
		{5CC733E1-A08D-408D-BA03-70AFACA84D3D}.Debug|x64.ActiveCfg = Debug|Any CPU
		{5CC733E1-A08D-408D-BA03-70AFACA84D3D}.Debug|x64.Build.0 = Debug|Any CPU
		{5CC733E1-A08D-408D-BA03-70AFACA84D3D}.Debug|x86.ActiveCfg = Debug|Any CPU
		{5CC733E1-A08D-408D-BA03-70AFACA84D3D}.Debug|x86.Build.0 = Debug|Any CPU
		{5CC733E1-A08D-408D-BA03-70AFACA84D3D}.Release|Any CPU.ActiveCfg = Release|Any CPU
		{5CC733E1-A08D-408D-BA03-70AFACA84D3D}.Release|Any CPU.Build.0 = Release|Any CPU
		{5CC733E1-A08D-408D-BA03-70AFACA84D3D}.Release|x64.ActiveCfg = Release|Any CPU
		{5CC733E1-A08D-408D-BA03-70AFACA84D3D}.Release|x64.Build.0 = Release|Any CPU
		{5CC733E1-A08D-408D-BA03-70AFACA84D3D}.Release|x86.ActiveCfg = Release|Any CPU
		{5CC733E1-A08D-408D-BA03-70AFACA84D3D}.Release|x86.Build.0 = Release|Any CPU
		{5CC733E1-A08D-408D-BA03-70AFACA84D3D}.Virtual|Any CPU.ActiveCfg = Debug|Any CPU
		{5CC733E1-A08D-408D-BA03-70AFACA84D3D}.Virtual|Any CPU.Build.0 = Debug|Any CPU
		{5CC733E1-A08D-408D-BA03-70AFACA84D3D}.Virtual|x64.ActiveCfg = Debug|Any CPU
		{5CC733E1-A08D-408D-BA03-70AFACA84D3D}.Virtual|x64.Build.0 = Debug|Any CPU
		{5CC733E1-A08D-408D-BA03-70AFACA84D3D}.Virtual|x86.ActiveCfg = Release|Any CPU
		{5CC733E1-A08D-408D-BA03-70AFACA84D3D}.Virtual|x86.Build.0 = Release|Any CPU
		{DEB849C5-DEAE-4EA6-A3A1-4A904C8BF445}.Debug|Any CPU.ActiveCfg = Debug|Any CPU
		{DEB849C5-DEAE-4EA6-A3A1-4A904C8BF445}.Debug|Any CPU.Build.0 = Debug|Any CPU
		{DEB849C5-DEAE-4EA6-A3A1-4A904C8BF445}.Debug|x64.ActiveCfg = Debug|Any CPU
		{DEB849C5-DEAE-4EA6-A3A1-4A904C8BF445}.Debug|x64.Build.0 = Debug|Any CPU
		{DEB849C5-DEAE-4EA6-A3A1-4A904C8BF445}.Debug|x86.ActiveCfg = Debug|Any CPU
		{DEB849C5-DEAE-4EA6-A3A1-4A904C8BF445}.Debug|x86.Build.0 = Debug|Any CPU
		{DEB849C5-DEAE-4EA6-A3A1-4A904C8BF445}.Release|Any CPU.ActiveCfg = Release|Any CPU
		{DEB849C5-DEAE-4EA6-A3A1-4A904C8BF445}.Release|Any CPU.Build.0 = Release|Any CPU
		{DEB849C5-DEAE-4EA6-A3A1-4A904C8BF445}.Release|x64.ActiveCfg = Release|Any CPU
		{DEB849C5-DEAE-4EA6-A3A1-4A904C8BF445}.Release|x64.Build.0 = Release|Any CPU
		{DEB849C5-DEAE-4EA6-A3A1-4A904C8BF445}.Release|x86.ActiveCfg = Release|Any CPU
		{DEB849C5-DEAE-4EA6-A3A1-4A904C8BF445}.Release|x86.Build.0 = Release|Any CPU
		{DEB849C5-DEAE-4EA6-A3A1-4A904C8BF445}.Virtual|Any CPU.ActiveCfg = Debug|Any CPU
		{DEB849C5-DEAE-4EA6-A3A1-4A904C8BF445}.Virtual|Any CPU.Build.0 = Debug|Any CPU
		{DEB849C5-DEAE-4EA6-A3A1-4A904C8BF445}.Virtual|x64.ActiveCfg = Debug|Any CPU
		{DEB849C5-DEAE-4EA6-A3A1-4A904C8BF445}.Virtual|x64.Build.0 = Debug|Any CPU
		{DEB849C5-DEAE-4EA6-A3A1-4A904C8BF445}.Virtual|x86.ActiveCfg = Release|Any CPU
		{DEB849C5-DEAE-4EA6-A3A1-4A904C8BF445}.Virtual|x86.Build.0 = Release|Any CPU
		{3706158D-02E9-44CE-8912-8E9628E84CE5}.Debug|Any CPU.ActiveCfg = Debug|Any CPU
		{3706158D-02E9-44CE-8912-8E9628E84CE5}.Debug|Any CPU.Build.0 = Debug|Any CPU
		{3706158D-02E9-44CE-8912-8E9628E84CE5}.Debug|x64.ActiveCfg = Debug|Any CPU
		{3706158D-02E9-44CE-8912-8E9628E84CE5}.Debug|x64.Build.0 = Debug|Any CPU
		{3706158D-02E9-44CE-8912-8E9628E84CE5}.Debug|x86.ActiveCfg = Debug|Any CPU
		{3706158D-02E9-44CE-8912-8E9628E84CE5}.Debug|x86.Build.0 = Debug|Any CPU
		{3706158D-02E9-44CE-8912-8E9628E84CE5}.Release|Any CPU.ActiveCfg = Release|Any CPU
		{3706158D-02E9-44CE-8912-8E9628E84CE5}.Release|Any CPU.Build.0 = Release|Any CPU
		{3706158D-02E9-44CE-8912-8E9628E84CE5}.Release|x64.ActiveCfg = Release|Any CPU
		{3706158D-02E9-44CE-8912-8E9628E84CE5}.Release|x64.Build.0 = Release|Any CPU
		{3706158D-02E9-44CE-8912-8E9628E84CE5}.Release|x86.ActiveCfg = Release|Any CPU
		{3706158D-02E9-44CE-8912-8E9628E84CE5}.Release|x86.Build.0 = Release|Any CPU
		{3706158D-02E9-44CE-8912-8E9628E84CE5}.Virtual|Any CPU.ActiveCfg = Debug|Any CPU
		{3706158D-02E9-44CE-8912-8E9628E84CE5}.Virtual|Any CPU.Build.0 = Debug|Any CPU
		{3706158D-02E9-44CE-8912-8E9628E84CE5}.Virtual|x64.ActiveCfg = Debug|Any CPU
		{3706158D-02E9-44CE-8912-8E9628E84CE5}.Virtual|x64.Build.0 = Debug|Any CPU
		{3706158D-02E9-44CE-8912-8E9628E84CE5}.Virtual|x86.ActiveCfg = Release|Any CPU
		{3706158D-02E9-44CE-8912-8E9628E84CE5}.Virtual|x86.Build.0 = Release|Any CPU
		{DB7762F0-C029-4F79-8C50-FE5A5B968B0A}.Debug|Any CPU.ActiveCfg = Debug|Any CPU
		{DB7762F0-C029-4F79-8C50-FE5A5B968B0A}.Debug|Any CPU.Build.0 = Debug|Any CPU
		{DB7762F0-C029-4F79-8C50-FE5A5B968B0A}.Debug|Any CPU.Deploy.0 = Debug|Any CPU
		{DB7762F0-C029-4F79-8C50-FE5A5B968B0A}.Debug|x64.ActiveCfg = Debug|Any CPU
		{DB7762F0-C029-4F79-8C50-FE5A5B968B0A}.Debug|x64.Build.0 = Debug|Any CPU
		{DB7762F0-C029-4F79-8C50-FE5A5B968B0A}.Debug|x64.Deploy.0 = Debug|Any CPU
		{DB7762F0-C029-4F79-8C50-FE5A5B968B0A}.Debug|x86.ActiveCfg = Debug|Any CPU
		{DB7762F0-C029-4F79-8C50-FE5A5B968B0A}.Debug|x86.Build.0 = Debug|Any CPU
		{DB7762F0-C029-4F79-8C50-FE5A5B968B0A}.Debug|x86.Deploy.0 = Debug|Any CPU
		{DB7762F0-C029-4F79-8C50-FE5A5B968B0A}.Release|Any CPU.ActiveCfg = Release|Any CPU
		{DB7762F0-C029-4F79-8C50-FE5A5B968B0A}.Release|Any CPU.Build.0 = Release|Any CPU
		{DB7762F0-C029-4F79-8C50-FE5A5B968B0A}.Release|Any CPU.Deploy.0 = Release|Any CPU
		{DB7762F0-C029-4F79-8C50-FE5A5B968B0A}.Release|x64.ActiveCfg = Release|Any CPU
		{DB7762F0-C029-4F79-8C50-FE5A5B968B0A}.Release|x64.Build.0 = Release|Any CPU
		{DB7762F0-C029-4F79-8C50-FE5A5B968B0A}.Release|x64.Deploy.0 = Release|Any CPU
		{DB7762F0-C029-4F79-8C50-FE5A5B968B0A}.Release|x86.ActiveCfg = Release|Any CPU
		{DB7762F0-C029-4F79-8C50-FE5A5B968B0A}.Release|x86.Build.0 = Release|Any CPU
		{DB7762F0-C029-4F79-8C50-FE5A5B968B0A}.Release|x86.Deploy.0 = Release|Any CPU
		{DB7762F0-C029-4F79-8C50-FE5A5B968B0A}.Virtual|Any CPU.ActiveCfg = Release|Any CPU
		{DB7762F0-C029-4F79-8C50-FE5A5B968B0A}.Virtual|Any CPU.Build.0 = Release|Any CPU
		{DB7762F0-C029-4F79-8C50-FE5A5B968B0A}.Virtual|Any CPU.Deploy.0 = Release|Any CPU
		{DB7762F0-C029-4F79-8C50-FE5A5B968B0A}.Virtual|x64.ActiveCfg = Release|Any CPU
		{DB7762F0-C029-4F79-8C50-FE5A5B968B0A}.Virtual|x64.Build.0 = Release|Any CPU
		{DB7762F0-C029-4F79-8C50-FE5A5B968B0A}.Virtual|x64.Deploy.0 = Release|Any CPU
		{DB7762F0-C029-4F79-8C50-FE5A5B968B0A}.Virtual|x86.ActiveCfg = Release|Any CPU
		{DB7762F0-C029-4F79-8C50-FE5A5B968B0A}.Virtual|x86.Build.0 = Release|Any CPU
		{DB7762F0-C029-4F79-8C50-FE5A5B968B0A}.Virtual|x86.Deploy.0 = Release|Any CPU
		{AAAC5158-F39E-41B7-9645-7893DB71FA47}.Debug|Any CPU.ActiveCfg = Debug|Any CPU
		{AAAC5158-F39E-41B7-9645-7893DB71FA47}.Debug|Any CPU.Build.0 = Debug|Any CPU
		{AAAC5158-F39E-41B7-9645-7893DB71FA47}.Debug|x64.ActiveCfg = Debug|Any CPU
		{AAAC5158-F39E-41B7-9645-7893DB71FA47}.Debug|x64.Build.0 = Debug|Any CPU
		{AAAC5158-F39E-41B7-9645-7893DB71FA47}.Debug|x86.ActiveCfg = Debug|Any CPU
		{AAAC5158-F39E-41B7-9645-7893DB71FA47}.Debug|x86.Build.0 = Debug|Any CPU
		{AAAC5158-F39E-41B7-9645-7893DB71FA47}.Release|Any CPU.ActiveCfg = Release|Any CPU
		{AAAC5158-F39E-41B7-9645-7893DB71FA47}.Release|Any CPU.Build.0 = Release|Any CPU
		{AAAC5158-F39E-41B7-9645-7893DB71FA47}.Release|x64.ActiveCfg = Release|Any CPU
		{AAAC5158-F39E-41B7-9645-7893DB71FA47}.Release|x64.Build.0 = Release|Any CPU
		{AAAC5158-F39E-41B7-9645-7893DB71FA47}.Release|x86.ActiveCfg = Release|Any CPU
		{AAAC5158-F39E-41B7-9645-7893DB71FA47}.Release|x86.Build.0 = Release|Any CPU
		{AAAC5158-F39E-41B7-9645-7893DB71FA47}.Virtual|Any CPU.ActiveCfg = Debug|Any CPU
		{AAAC5158-F39E-41B7-9645-7893DB71FA47}.Virtual|Any CPU.Build.0 = Debug|Any CPU
		{AAAC5158-F39E-41B7-9645-7893DB71FA47}.Virtual|x64.ActiveCfg = Debug|Any CPU
		{AAAC5158-F39E-41B7-9645-7893DB71FA47}.Virtual|x64.Build.0 = Debug|Any CPU
		{AAAC5158-F39E-41B7-9645-7893DB71FA47}.Virtual|x86.ActiveCfg = Release|Any CPU
		{AAAC5158-F39E-41B7-9645-7893DB71FA47}.Virtual|x86.Build.0 = Release|Any CPU
		{44C54CF1-5AAF-41FB-A8F3-F5363C401AB7}.Debug|Any CPU.ActiveCfg = Debug|Any CPU
		{44C54CF1-5AAF-41FB-A8F3-F5363C401AB7}.Debug|Any CPU.Build.0 = Debug|Any CPU
		{44C54CF1-5AAF-41FB-A8F3-F5363C401AB7}.Debug|x64.ActiveCfg = Debug|Any CPU
		{44C54CF1-5AAF-41FB-A8F3-F5363C401AB7}.Debug|x64.Build.0 = Debug|Any CPU
		{44C54CF1-5AAF-41FB-A8F3-F5363C401AB7}.Debug|x86.ActiveCfg = Debug|Any CPU
		{44C54CF1-5AAF-41FB-A8F3-F5363C401AB7}.Debug|x86.Build.0 = Debug|Any CPU
		{44C54CF1-5AAF-41FB-A8F3-F5363C401AB7}.Release|Any CPU.ActiveCfg = Release|Any CPU
		{44C54CF1-5AAF-41FB-A8F3-F5363C401AB7}.Release|Any CPU.Build.0 = Release|Any CPU
		{44C54CF1-5AAF-41FB-A8F3-F5363C401AB7}.Release|x64.ActiveCfg = Release|Any CPU
		{44C54CF1-5AAF-41FB-A8F3-F5363C401AB7}.Release|x64.Build.0 = Release|Any CPU
		{44C54CF1-5AAF-41FB-A8F3-F5363C401AB7}.Release|x86.ActiveCfg = Release|Any CPU
		{44C54CF1-5AAF-41FB-A8F3-F5363C401AB7}.Release|x86.Build.0 = Release|Any CPU
		{44C54CF1-5AAF-41FB-A8F3-F5363C401AB7}.Virtual|Any CPU.ActiveCfg = Debug|Any CPU
		{44C54CF1-5AAF-41FB-A8F3-F5363C401AB7}.Virtual|Any CPU.Build.0 = Debug|Any CPU
		{44C54CF1-5AAF-41FB-A8F3-F5363C401AB7}.Virtual|x64.ActiveCfg = Debug|Any CPU
		{44C54CF1-5AAF-41FB-A8F3-F5363C401AB7}.Virtual|x64.Build.0 = Debug|Any CPU
		{44C54CF1-5AAF-41FB-A8F3-F5363C401AB7}.Virtual|x86.ActiveCfg = Release|Any CPU
		{44C54CF1-5AAF-41FB-A8F3-F5363C401AB7}.Virtual|x86.Build.0 = Release|Any CPU
		{A8B53516-CB1C-4955-B6BE-5F63C4599253}.Debug|Any CPU.ActiveCfg = Debug|Any CPU
		{A8B53516-CB1C-4955-B6BE-5F63C4599253}.Debug|Any CPU.Build.0 = Debug|Any CPU
		{A8B53516-CB1C-4955-B6BE-5F63C4599253}.Debug|x64.ActiveCfg = Debug|Any CPU
		{A8B53516-CB1C-4955-B6BE-5F63C4599253}.Debug|x64.Build.0 = Debug|Any CPU
		{A8B53516-CB1C-4955-B6BE-5F63C4599253}.Debug|x86.ActiveCfg = Debug|Any CPU
		{A8B53516-CB1C-4955-B6BE-5F63C4599253}.Debug|x86.Build.0 = Debug|Any CPU
		{A8B53516-CB1C-4955-B6BE-5F63C4599253}.Release|Any CPU.ActiveCfg = Release|Any CPU
		{A8B53516-CB1C-4955-B6BE-5F63C4599253}.Release|Any CPU.Build.0 = Release|Any CPU
		{A8B53516-CB1C-4955-B6BE-5F63C4599253}.Release|x64.ActiveCfg = Release|Any CPU
		{A8B53516-CB1C-4955-B6BE-5F63C4599253}.Release|x64.Build.0 = Release|Any CPU
		{A8B53516-CB1C-4955-B6BE-5F63C4599253}.Release|x86.ActiveCfg = Release|Any CPU
		{A8B53516-CB1C-4955-B6BE-5F63C4599253}.Release|x86.Build.0 = Release|Any CPU
		{A8B53516-CB1C-4955-B6BE-5F63C4599253}.Virtual|Any CPU.ActiveCfg = Debug|Any CPU
		{A8B53516-CB1C-4955-B6BE-5F63C4599253}.Virtual|Any CPU.Build.0 = Debug|Any CPU
		{A8B53516-CB1C-4955-B6BE-5F63C4599253}.Virtual|x64.ActiveCfg = Debug|Any CPU
		{A8B53516-CB1C-4955-B6BE-5F63C4599253}.Virtual|x64.Build.0 = Debug|Any CPU
		{A8B53516-CB1C-4955-B6BE-5F63C4599253}.Virtual|x86.ActiveCfg = Release|Any CPU
		{A8B53516-CB1C-4955-B6BE-5F63C4599253}.Virtual|x86.Build.0 = Release|Any CPU
		{5C9C7CE0-295E-463D-87E4-964658563440}.Debug|Any CPU.ActiveCfg = Debug|Any CPU
		{5C9C7CE0-295E-463D-87E4-964658563440}.Debug|Any CPU.Build.0 = Debug|Any CPU
		{5C9C7CE0-295E-463D-87E4-964658563440}.Debug|x64.ActiveCfg = Debug|Any CPU
		{5C9C7CE0-295E-463D-87E4-964658563440}.Debug|x64.Build.0 = Debug|Any CPU
		{5C9C7CE0-295E-463D-87E4-964658563440}.Debug|x86.ActiveCfg = Debug|Any CPU
		{5C9C7CE0-295E-463D-87E4-964658563440}.Debug|x86.Build.0 = Debug|Any CPU
		{5C9C7CE0-295E-463D-87E4-964658563440}.Release|Any CPU.ActiveCfg = Release|Any CPU
		{5C9C7CE0-295E-463D-87E4-964658563440}.Release|Any CPU.Build.0 = Release|Any CPU
		{5C9C7CE0-295E-463D-87E4-964658563440}.Release|x64.ActiveCfg = Release|Any CPU
		{5C9C7CE0-295E-463D-87E4-964658563440}.Release|x64.Build.0 = Release|Any CPU
		{5C9C7CE0-295E-463D-87E4-964658563440}.Release|x86.ActiveCfg = Release|Any CPU
		{5C9C7CE0-295E-463D-87E4-964658563440}.Release|x86.Build.0 = Release|Any CPU
		{5C9C7CE0-295E-463D-87E4-964658563440}.Virtual|Any CPU.ActiveCfg = Debug|Any CPU
		{5C9C7CE0-295E-463D-87E4-964658563440}.Virtual|Any CPU.Build.0 = Debug|Any CPU
		{5C9C7CE0-295E-463D-87E4-964658563440}.Virtual|x64.ActiveCfg = Debug|Any CPU
		{5C9C7CE0-295E-463D-87E4-964658563440}.Virtual|x64.Build.0 = Debug|Any CPU
		{5C9C7CE0-295E-463D-87E4-964658563440}.Virtual|x86.ActiveCfg = Release|Any CPU
		{5C9C7CE0-295E-463D-87E4-964658563440}.Virtual|x86.Build.0 = Release|Any CPU
		{65FCEB29-6759-4DDE-B19F-E4B7AEA03047}.Debug|Any CPU.ActiveCfg = Debug|Any CPU
		{65FCEB29-6759-4DDE-B19F-E4B7AEA03047}.Debug|Any CPU.Build.0 = Debug|Any CPU
		{65FCEB29-6759-4DDE-B19F-E4B7AEA03047}.Debug|x64.ActiveCfg = Debug|Any CPU
		{65FCEB29-6759-4DDE-B19F-E4B7AEA03047}.Debug|x64.Build.0 = Debug|Any CPU
		{65FCEB29-6759-4DDE-B19F-E4B7AEA03047}.Debug|x86.ActiveCfg = Debug|Any CPU
		{65FCEB29-6759-4DDE-B19F-E4B7AEA03047}.Debug|x86.Build.0 = Debug|Any CPU
		{65FCEB29-6759-4DDE-B19F-E4B7AEA03047}.Release|Any CPU.ActiveCfg = Release|Any CPU
		{65FCEB29-6759-4DDE-B19F-E4B7AEA03047}.Release|Any CPU.Build.0 = Release|Any CPU
		{65FCEB29-6759-4DDE-B19F-E4B7AEA03047}.Release|x64.ActiveCfg = Release|Any CPU
		{65FCEB29-6759-4DDE-B19F-E4B7AEA03047}.Release|x64.Build.0 = Release|Any CPU
		{65FCEB29-6759-4DDE-B19F-E4B7AEA03047}.Release|x86.ActiveCfg = Release|Any CPU
		{65FCEB29-6759-4DDE-B19F-E4B7AEA03047}.Release|x86.Build.0 = Release|Any CPU
		{65FCEB29-6759-4DDE-B19F-E4B7AEA03047}.Virtual|Any CPU.ActiveCfg = Debug|Any CPU
		{65FCEB29-6759-4DDE-B19F-E4B7AEA03047}.Virtual|Any CPU.Build.0 = Debug|Any CPU
		{65FCEB29-6759-4DDE-B19F-E4B7AEA03047}.Virtual|x64.ActiveCfg = Debug|Any CPU
		{65FCEB29-6759-4DDE-B19F-E4B7AEA03047}.Virtual|x64.Build.0 = Debug|Any CPU
		{65FCEB29-6759-4DDE-B19F-E4B7AEA03047}.Virtual|x86.ActiveCfg = Release|Any CPU
		{65FCEB29-6759-4DDE-B19F-E4B7AEA03047}.Virtual|x86.Build.0 = Release|Any CPU
		{0FF06890-53EA-492D-810C-416B9D80BD80}.Debug|Any CPU.ActiveCfg = Debug|Any CPU
		{0FF06890-53EA-492D-810C-416B9D80BD80}.Debug|Any CPU.Build.0 = Debug|Any CPU
		{0FF06890-53EA-492D-810C-416B9D80BD80}.Debug|x64.ActiveCfg = Debug|Any CPU
		{0FF06890-53EA-492D-810C-416B9D80BD80}.Debug|x64.Build.0 = Debug|Any CPU
		{0FF06890-53EA-492D-810C-416B9D80BD80}.Debug|x86.ActiveCfg = Debug|Any CPU
		{0FF06890-53EA-492D-810C-416B9D80BD80}.Debug|x86.Build.0 = Debug|Any CPU
		{0FF06890-53EA-492D-810C-416B9D80BD80}.Release|Any CPU.ActiveCfg = Release|Any CPU
		{0FF06890-53EA-492D-810C-416B9D80BD80}.Release|Any CPU.Build.0 = Release|Any CPU
		{0FF06890-53EA-492D-810C-416B9D80BD80}.Release|x64.ActiveCfg = Release|Any CPU
		{0FF06890-53EA-492D-810C-416B9D80BD80}.Release|x64.Build.0 = Release|Any CPU
		{0FF06890-53EA-492D-810C-416B9D80BD80}.Release|x86.ActiveCfg = Release|Any CPU
		{0FF06890-53EA-492D-810C-416B9D80BD80}.Release|x86.Build.0 = Release|Any CPU
		{0FF06890-53EA-492D-810C-416B9D80BD80}.Virtual|Any CPU.ActiveCfg = Debug|Any CPU
		{0FF06890-53EA-492D-810C-416B9D80BD80}.Virtual|Any CPU.Build.0 = Debug|Any CPU
		{0FF06890-53EA-492D-810C-416B9D80BD80}.Virtual|x64.ActiveCfg = Debug|Any CPU
		{0FF06890-53EA-492D-810C-416B9D80BD80}.Virtual|x64.Build.0 = Debug|Any CPU
		{0FF06890-53EA-492D-810C-416B9D80BD80}.Virtual|x86.ActiveCfg = Debug|Any CPU
		{0FF06890-53EA-492D-810C-416B9D80BD80}.Virtual|x86.Build.0 = Debug|Any CPU
		{B799206F-D962-47FC-B87E-369CA32F40E9}.Debug|Any CPU.ActiveCfg = Debug|Any CPU
		{B799206F-D962-47FC-B87E-369CA32F40E9}.Debug|Any CPU.Build.0 = Debug|Any CPU
		{B799206F-D962-47FC-B87E-369CA32F40E9}.Debug|x64.ActiveCfg = Debug|Any CPU
		{B799206F-D962-47FC-B87E-369CA32F40E9}.Debug|x64.Build.0 = Debug|Any CPU
		{B799206F-D962-47FC-B87E-369CA32F40E9}.Debug|x86.ActiveCfg = Debug|Any CPU
		{B799206F-D962-47FC-B87E-369CA32F40E9}.Debug|x86.Build.0 = Debug|Any CPU
		{B799206F-D962-47FC-B87E-369CA32F40E9}.Release|Any CPU.ActiveCfg = Release|Any CPU
		{B799206F-D962-47FC-B87E-369CA32F40E9}.Release|Any CPU.Build.0 = Release|Any CPU
		{B799206F-D962-47FC-B87E-369CA32F40E9}.Release|x64.ActiveCfg = Release|Any CPU
		{B799206F-D962-47FC-B87E-369CA32F40E9}.Release|x64.Build.0 = Release|Any CPU
		{B799206F-D962-47FC-B87E-369CA32F40E9}.Release|x86.ActiveCfg = Release|Any CPU
		{B799206F-D962-47FC-B87E-369CA32F40E9}.Release|x86.Build.0 = Release|Any CPU
		{B799206F-D962-47FC-B87E-369CA32F40E9}.Virtual|Any CPU.ActiveCfg = Debug|Any CPU
		{B799206F-D962-47FC-B87E-369CA32F40E9}.Virtual|Any CPU.Build.0 = Debug|Any CPU
		{B799206F-D962-47FC-B87E-369CA32F40E9}.Virtual|x64.ActiveCfg = Debug|Any CPU
		{B799206F-D962-47FC-B87E-369CA32F40E9}.Virtual|x64.Build.0 = Debug|Any CPU
		{B799206F-D962-47FC-B87E-369CA32F40E9}.Virtual|x86.ActiveCfg = Debug|Any CPU
		{B799206F-D962-47FC-B87E-369CA32F40E9}.Virtual|x86.Build.0 = Debug|Any CPU
		{A300104B-15E7-4485-A133-D519D6531741}.Debug|Any CPU.ActiveCfg = Debug|Any CPU
		{A300104B-15E7-4485-A133-D519D6531741}.Debug|Any CPU.Build.0 = Debug|Any CPU
		{A300104B-15E7-4485-A133-D519D6531741}.Debug|x64.ActiveCfg = Debug|Any CPU
		{A300104B-15E7-4485-A133-D519D6531741}.Debug|x64.Build.0 = Debug|Any CPU
		{A300104B-15E7-4485-A133-D519D6531741}.Debug|x86.ActiveCfg = Debug|Any CPU
		{A300104B-15E7-4485-A133-D519D6531741}.Debug|x86.Build.0 = Debug|Any CPU
		{A300104B-15E7-4485-A133-D519D6531741}.Release|Any CPU.ActiveCfg = Release|Any CPU
		{A300104B-15E7-4485-A133-D519D6531741}.Release|Any CPU.Build.0 = Release|Any CPU
		{A300104B-15E7-4485-A133-D519D6531741}.Release|x64.ActiveCfg = Release|Any CPU
		{A300104B-15E7-4485-A133-D519D6531741}.Release|x64.Build.0 = Release|Any CPU
		{A300104B-15E7-4485-A133-D519D6531741}.Release|x86.ActiveCfg = Release|Any CPU
		{A300104B-15E7-4485-A133-D519D6531741}.Release|x86.Build.0 = Release|Any CPU
		{A300104B-15E7-4485-A133-D519D6531741}.Virtual|Any CPU.ActiveCfg = Debug|Any CPU
		{A300104B-15E7-4485-A133-D519D6531741}.Virtual|Any CPU.Build.0 = Debug|Any CPU
		{A300104B-15E7-4485-A133-D519D6531741}.Virtual|x64.ActiveCfg = Debug|Any CPU
		{A300104B-15E7-4485-A133-D519D6531741}.Virtual|x64.Build.0 = Debug|Any CPU
		{A300104B-15E7-4485-A133-D519D6531741}.Virtual|x86.ActiveCfg = Debug|Any CPU
		{A300104B-15E7-4485-A133-D519D6531741}.Virtual|x86.Build.0 = Debug|Any CPU
		{6C31AB31-F915-4168-B88F-A198315848DF}.Debug|Any CPU.ActiveCfg = Debug|Any CPU
		{6C31AB31-F915-4168-B88F-A198315848DF}.Debug|Any CPU.Build.0 = Debug|Any CPU
		{6C31AB31-F915-4168-B88F-A198315848DF}.Debug|x64.ActiveCfg = Debug|Any CPU
		{6C31AB31-F915-4168-B88F-A198315848DF}.Debug|x64.Build.0 = Debug|Any CPU
		{6C31AB31-F915-4168-B88F-A198315848DF}.Debug|x86.ActiveCfg = Debug|Any CPU
		{6C31AB31-F915-4168-B88F-A198315848DF}.Debug|x86.Build.0 = Debug|Any CPU
		{6C31AB31-F915-4168-B88F-A198315848DF}.Release|Any CPU.ActiveCfg = Release|Any CPU
		{6C31AB31-F915-4168-B88F-A198315848DF}.Release|Any CPU.Build.0 = Release|Any CPU
		{6C31AB31-F915-4168-B88F-A198315848DF}.Release|x64.ActiveCfg = Release|Any CPU
		{6C31AB31-F915-4168-B88F-A198315848DF}.Release|x64.Build.0 = Release|Any CPU
		{6C31AB31-F915-4168-B88F-A198315848DF}.Release|x86.ActiveCfg = Release|Any CPU
		{6C31AB31-F915-4168-B88F-A198315848DF}.Release|x86.Build.0 = Release|Any CPU
		{6C31AB31-F915-4168-B88F-A198315848DF}.Virtual|Any CPU.ActiveCfg = Debug|Any CPU
		{6C31AB31-F915-4168-B88F-A198315848DF}.Virtual|Any CPU.Build.0 = Debug|Any CPU
		{6C31AB31-F915-4168-B88F-A198315848DF}.Virtual|x64.ActiveCfg = Debug|Any CPU
		{6C31AB31-F915-4168-B88F-A198315848DF}.Virtual|x64.Build.0 = Debug|Any CPU
		{6C31AB31-F915-4168-B88F-A198315848DF}.Virtual|x86.ActiveCfg = Debug|Any CPU
		{6C31AB31-F915-4168-B88F-A198315848DF}.Virtual|x86.Build.0 = Debug|Any CPU
		{381E184D-3510-4B76-9AA4-5103B1FD55CC}.Debug|Any CPU.ActiveCfg = Debug|Any CPU
		{381E184D-3510-4B76-9AA4-5103B1FD55CC}.Debug|Any CPU.Build.0 = Debug|Any CPU
		{381E184D-3510-4B76-9AA4-5103B1FD55CC}.Debug|x64.ActiveCfg = Debug|Any CPU
		{381E184D-3510-4B76-9AA4-5103B1FD55CC}.Debug|x64.Build.0 = Debug|Any CPU
		{381E184D-3510-4B76-9AA4-5103B1FD55CC}.Debug|x86.ActiveCfg = Debug|Any CPU
		{381E184D-3510-4B76-9AA4-5103B1FD55CC}.Debug|x86.Build.0 = Debug|Any CPU
		{381E184D-3510-4B76-9AA4-5103B1FD55CC}.Release|Any CPU.ActiveCfg = Release|Any CPU
		{381E184D-3510-4B76-9AA4-5103B1FD55CC}.Release|Any CPU.Build.0 = Release|Any CPU
		{381E184D-3510-4B76-9AA4-5103B1FD55CC}.Release|x64.ActiveCfg = Release|Any CPU
		{381E184D-3510-4B76-9AA4-5103B1FD55CC}.Release|x64.Build.0 = Release|Any CPU
		{381E184D-3510-4B76-9AA4-5103B1FD55CC}.Release|x86.ActiveCfg = Release|Any CPU
		{381E184D-3510-4B76-9AA4-5103B1FD55CC}.Release|x86.Build.0 = Release|Any CPU
		{381E184D-3510-4B76-9AA4-5103B1FD55CC}.Virtual|Any CPU.ActiveCfg = Debug|Any CPU
		{381E184D-3510-4B76-9AA4-5103B1FD55CC}.Virtual|Any CPU.Build.0 = Debug|Any CPU
		{381E184D-3510-4B76-9AA4-5103B1FD55CC}.Virtual|x64.ActiveCfg = Debug|Any CPU
		{381E184D-3510-4B76-9AA4-5103B1FD55CC}.Virtual|x64.Build.0 = Debug|Any CPU
		{381E184D-3510-4B76-9AA4-5103B1FD55CC}.Virtual|x86.ActiveCfg = Debug|Any CPU
		{381E184D-3510-4B76-9AA4-5103B1FD55CC}.Virtual|x86.Build.0 = Debug|Any CPU
		{6FF43CE6-B3B0-48A0-A09A-7388620A38AD}.Debug|Any CPU.ActiveCfg = Debug|Any CPU
		{6FF43CE6-B3B0-48A0-A09A-7388620A38AD}.Debug|Any CPU.Build.0 = Debug|Any CPU
		{6FF43CE6-B3B0-48A0-A09A-7388620A38AD}.Debug|x64.ActiveCfg = Debug|Any CPU
		{6FF43CE6-B3B0-48A0-A09A-7388620A38AD}.Debug|x64.Build.0 = Debug|Any CPU
		{6FF43CE6-B3B0-48A0-A09A-7388620A38AD}.Debug|x86.ActiveCfg = Debug|Any CPU
		{6FF43CE6-B3B0-48A0-A09A-7388620A38AD}.Debug|x86.Build.0 = Debug|Any CPU
		{6FF43CE6-B3B0-48A0-A09A-7388620A38AD}.Release|Any CPU.ActiveCfg = Release|Any CPU
		{6FF43CE6-B3B0-48A0-A09A-7388620A38AD}.Release|Any CPU.Build.0 = Release|Any CPU
		{6FF43CE6-B3B0-48A0-A09A-7388620A38AD}.Release|x64.ActiveCfg = Release|Any CPU
		{6FF43CE6-B3B0-48A0-A09A-7388620A38AD}.Release|x64.Build.0 = Release|Any CPU
		{6FF43CE6-B3B0-48A0-A09A-7388620A38AD}.Release|x86.ActiveCfg = Release|Any CPU
		{6FF43CE6-B3B0-48A0-A09A-7388620A38AD}.Release|x86.Build.0 = Release|Any CPU
		{6FF43CE6-B3B0-48A0-A09A-7388620A38AD}.Virtual|Any CPU.ActiveCfg = Debug|Any CPU
		{6FF43CE6-B3B0-48A0-A09A-7388620A38AD}.Virtual|Any CPU.Build.0 = Debug|Any CPU
		{6FF43CE6-B3B0-48A0-A09A-7388620A38AD}.Virtual|x64.ActiveCfg = Debug|Any CPU
		{6FF43CE6-B3B0-48A0-A09A-7388620A38AD}.Virtual|x64.Build.0 = Debug|Any CPU
		{6FF43CE6-B3B0-48A0-A09A-7388620A38AD}.Virtual|x86.ActiveCfg = Debug|Any CPU
		{6FF43CE6-B3B0-48A0-A09A-7388620A38AD}.Virtual|x86.Build.0 = Debug|Any CPU
		{1C7C793B-EEAD-470B-9E26-4BE6AABF6422}.Debug|Any CPU.ActiveCfg = Debug|Any CPU
		{1C7C793B-EEAD-470B-9E26-4BE6AABF6422}.Debug|Any CPU.Build.0 = Debug|Any CPU
		{1C7C793B-EEAD-470B-9E26-4BE6AABF6422}.Debug|x64.ActiveCfg = Debug|Any CPU
		{1C7C793B-EEAD-470B-9E26-4BE6AABF6422}.Debug|x64.Build.0 = Debug|Any CPU
		{1C7C793B-EEAD-470B-9E26-4BE6AABF6422}.Debug|x86.ActiveCfg = Debug|Any CPU
		{1C7C793B-EEAD-470B-9E26-4BE6AABF6422}.Debug|x86.Build.0 = Debug|Any CPU
		{1C7C793B-EEAD-470B-9E26-4BE6AABF6422}.Release|Any CPU.ActiveCfg = Release|Any CPU
		{1C7C793B-EEAD-470B-9E26-4BE6AABF6422}.Release|Any CPU.Build.0 = Release|Any CPU
		{1C7C793B-EEAD-470B-9E26-4BE6AABF6422}.Release|x64.ActiveCfg = Release|Any CPU
		{1C7C793B-EEAD-470B-9E26-4BE6AABF6422}.Release|x64.Build.0 = Release|Any CPU
		{1C7C793B-EEAD-470B-9E26-4BE6AABF6422}.Release|x86.ActiveCfg = Release|Any CPU
		{1C7C793B-EEAD-470B-9E26-4BE6AABF6422}.Release|x86.Build.0 = Release|Any CPU
		{1C7C793B-EEAD-470B-9E26-4BE6AABF6422}.Virtual|Any CPU.ActiveCfg = Debug|Any CPU
		{1C7C793B-EEAD-470B-9E26-4BE6AABF6422}.Virtual|Any CPU.Build.0 = Debug|Any CPU
		{1C7C793B-EEAD-470B-9E26-4BE6AABF6422}.Virtual|x64.ActiveCfg = Debug|Any CPU
		{1C7C793B-EEAD-470B-9E26-4BE6AABF6422}.Virtual|x64.Build.0 = Debug|Any CPU
		{1C7C793B-EEAD-470B-9E26-4BE6AABF6422}.Virtual|x86.ActiveCfg = Debug|Any CPU
		{1C7C793B-EEAD-470B-9E26-4BE6AABF6422}.Virtual|x86.Build.0 = Debug|Any CPU
		{4467466A-C7E5-49ED-A126-E8BF76536FAE}.Debug|Any CPU.ActiveCfg = Debug|Any CPU
		{4467466A-C7E5-49ED-A126-E8BF76536FAE}.Debug|Any CPU.Build.0 = Debug|Any CPU
		{4467466A-C7E5-49ED-A126-E8BF76536FAE}.Debug|x64.ActiveCfg = Debug|Any CPU
		{4467466A-C7E5-49ED-A126-E8BF76536FAE}.Debug|x64.Build.0 = Debug|Any CPU
		{4467466A-C7E5-49ED-A126-E8BF76536FAE}.Debug|x86.ActiveCfg = Debug|Any CPU
		{4467466A-C7E5-49ED-A126-E8BF76536FAE}.Debug|x86.Build.0 = Debug|Any CPU
		{4467466A-C7E5-49ED-A126-E8BF76536FAE}.Release|Any CPU.ActiveCfg = Release|Any CPU
		{4467466A-C7E5-49ED-A126-E8BF76536FAE}.Release|Any CPU.Build.0 = Release|Any CPU
		{4467466A-C7E5-49ED-A126-E8BF76536FAE}.Release|x64.ActiveCfg = Release|Any CPU
		{4467466A-C7E5-49ED-A126-E8BF76536FAE}.Release|x64.Build.0 = Release|Any CPU
		{4467466A-C7E5-49ED-A126-E8BF76536FAE}.Release|x86.ActiveCfg = Release|Any CPU
		{4467466A-C7E5-49ED-A126-E8BF76536FAE}.Release|x86.Build.0 = Release|Any CPU
		{4467466A-C7E5-49ED-A126-E8BF76536FAE}.Virtual|Any CPU.ActiveCfg = Debug|Any CPU
		{4467466A-C7E5-49ED-A126-E8BF76536FAE}.Virtual|Any CPU.Build.0 = Debug|Any CPU
		{4467466A-C7E5-49ED-A126-E8BF76536FAE}.Virtual|x64.ActiveCfg = Debug|Any CPU
		{4467466A-C7E5-49ED-A126-E8BF76536FAE}.Virtual|x64.Build.0 = Debug|Any CPU
		{4467466A-C7E5-49ED-A126-E8BF76536FAE}.Virtual|x86.ActiveCfg = Debug|Any CPU
		{4467466A-C7E5-49ED-A126-E8BF76536FAE}.Virtual|x86.Build.0 = Debug|Any CPU
		{043C6F56-2D7A-4212-8AD6-1AFEBC855ED3}.Debug|Any CPU.ActiveCfg = Debug|Any CPU
		{043C6F56-2D7A-4212-8AD6-1AFEBC855ED3}.Debug|Any CPU.Build.0 = Debug|Any CPU
		{043C6F56-2D7A-4212-8AD6-1AFEBC855ED3}.Debug|x64.ActiveCfg = Debug|Any CPU
		{043C6F56-2D7A-4212-8AD6-1AFEBC855ED3}.Debug|x64.Build.0 = Debug|Any CPU
		{043C6F56-2D7A-4212-8AD6-1AFEBC855ED3}.Debug|x86.ActiveCfg = Debug|Any CPU
		{043C6F56-2D7A-4212-8AD6-1AFEBC855ED3}.Debug|x86.Build.0 = Debug|Any CPU
		{043C6F56-2D7A-4212-8AD6-1AFEBC855ED3}.Release|Any CPU.ActiveCfg = Release|Any CPU
		{043C6F56-2D7A-4212-8AD6-1AFEBC855ED3}.Release|Any CPU.Build.0 = Release|Any CPU
		{043C6F56-2D7A-4212-8AD6-1AFEBC855ED3}.Release|x64.ActiveCfg = Release|Any CPU
		{043C6F56-2D7A-4212-8AD6-1AFEBC855ED3}.Release|x64.Build.0 = Release|Any CPU
		{043C6F56-2D7A-4212-8AD6-1AFEBC855ED3}.Release|x86.ActiveCfg = Release|Any CPU
		{043C6F56-2D7A-4212-8AD6-1AFEBC855ED3}.Release|x86.Build.0 = Release|Any CPU
		{043C6F56-2D7A-4212-8AD6-1AFEBC855ED3}.Virtual|Any CPU.ActiveCfg = Debug|Any CPU
		{043C6F56-2D7A-4212-8AD6-1AFEBC855ED3}.Virtual|Any CPU.Build.0 = Debug|Any CPU
		{043C6F56-2D7A-4212-8AD6-1AFEBC855ED3}.Virtual|x64.ActiveCfg = Debug|Any CPU
		{043C6F56-2D7A-4212-8AD6-1AFEBC855ED3}.Virtual|x64.Build.0 = Debug|Any CPU
		{043C6F56-2D7A-4212-8AD6-1AFEBC855ED3}.Virtual|x86.ActiveCfg = Debug|Any CPU
		{043C6F56-2D7A-4212-8AD6-1AFEBC855ED3}.Virtual|x86.Build.0 = Debug|Any CPU
		{82262BC8-37B8-4FB4-ADAB-41AB1E5361BD}.Debug|Any CPU.ActiveCfg = Debug|Any CPU
		{82262BC8-37B8-4FB4-ADAB-41AB1E5361BD}.Debug|Any CPU.Build.0 = Debug|Any CPU
		{82262BC8-37B8-4FB4-ADAB-41AB1E5361BD}.Debug|x64.ActiveCfg = Debug|Any CPU
		{82262BC8-37B8-4FB4-ADAB-41AB1E5361BD}.Debug|x64.Build.0 = Debug|Any CPU
		{82262BC8-37B8-4FB4-ADAB-41AB1E5361BD}.Debug|x86.ActiveCfg = Debug|Any CPU
		{82262BC8-37B8-4FB4-ADAB-41AB1E5361BD}.Debug|x86.Build.0 = Debug|Any CPU
		{82262BC8-37B8-4FB4-ADAB-41AB1E5361BD}.Release|Any CPU.ActiveCfg = Release|Any CPU
		{82262BC8-37B8-4FB4-ADAB-41AB1E5361BD}.Release|Any CPU.Build.0 = Release|Any CPU
		{82262BC8-37B8-4FB4-ADAB-41AB1E5361BD}.Release|x64.ActiveCfg = Release|Any CPU
		{82262BC8-37B8-4FB4-ADAB-41AB1E5361BD}.Release|x64.Build.0 = Release|Any CPU
		{82262BC8-37B8-4FB4-ADAB-41AB1E5361BD}.Release|x86.ActiveCfg = Release|Any CPU
		{82262BC8-37B8-4FB4-ADAB-41AB1E5361BD}.Release|x86.Build.0 = Release|Any CPU
		{82262BC8-37B8-4FB4-ADAB-41AB1E5361BD}.Virtual|Any CPU.ActiveCfg = Debug|Any CPU
		{82262BC8-37B8-4FB4-ADAB-41AB1E5361BD}.Virtual|Any CPU.Build.0 = Debug|Any CPU
		{82262BC8-37B8-4FB4-ADAB-41AB1E5361BD}.Virtual|x64.ActiveCfg = Debug|Any CPU
		{82262BC8-37B8-4FB4-ADAB-41AB1E5361BD}.Virtual|x64.Build.0 = Debug|Any CPU
		{82262BC8-37B8-4FB4-ADAB-41AB1E5361BD}.Virtual|x86.ActiveCfg = Debug|Any CPU
		{82262BC8-37B8-4FB4-ADAB-41AB1E5361BD}.Virtual|x86.Build.0 = Debug|Any CPU
	EndGlobalSection
	GlobalSection(SolutionProperties) = preSolution
		HideSolutionNode = FALSE
	EndGlobalSection
	GlobalSection(ExtensibilityGlobals) = postSolution
		SolutionGuid = {DAD0E205-D777-405A-8DED-8D43FAAA4176}
	EndGlobalSection
EndGlobal
